Microsoft Visual Studio Solution File, Format Version 12.00
# Visual Studio Version 17
VisualStudioVersion = 17.5.2.0
MinimumVisualStudioVersion = 10.0.40219.1
Project("{2150E333-8FDC-42A3-9474-1A3956D46DE8}") = "DZ", "DZ", "{60C785E8-ABC0-9BFC-5111-73828BA93FB7}"
EndProject
Project("{FAE04EC0-301F-11D3-BF4B-00C04F79EFBC}") = "PerformanceMonitor", "DZ\PerformanceMonitor.csproj", "{F70A6EF9-B16B-3F04-50BC-A290F3BC6360}"
EndProject
Global
	GlobalSection(SolutionConfigurationPlatforms) = preSolution
		Debug|Any CPU = Debug|Any CPU
		Release|Any CPU = Release|Any CPU
	EndGlobalSection
	GlobalSection(ProjectConfigurationPlatforms) = postSolution
		{F70A6EF9-B16B-3F04-50BC-A290F3BC6360}.Debug|Any CPU.ActiveCfg = Debug|Any CPU
		{F70A6EF9-B16B-3F04-50BC-A290F3BC6360}.Debug|Any CPU.Build.0 = Debug|Any CPU
		{F70A6EF9-B16B-3F04-50BC-A290F3BC6360}.Release|Any CPU.ActiveCfg = Release|Any CPU
		{F70A6EF9-B16B-3F04-50BC-A290F3BC6360}.Release|Any CPU.Build.0 = Release|Any CPU
	EndGlobalSection
	GlobalSection(SolutionProperties) = preSolution
		HideSolutionNode = FALSE
	EndGlobalSection
	GlobalSection(NestedProjects) = preSolution
		{F70A6EF9-B16B-3F04-50BC-A290F3BC6360} = {60C785E8-ABC0-9BFC-5111-73828BA93FB7}
	EndGlobalSection
	GlobalSection(ExtensibilityGlobals) = postSolution
		SolutionGuid = {1A25B294-2702-4B86-ADCB-22083206FD4C}
	EndGlobalSection
EndGlobal
